
Microsoft Visual Studio Solution File, Format Version 12.00
# Visual Studio 2012
Project("{FAE04EC0-301F-11D3-BF4B-00C04F79EFBC}") = "Artificial Neural Network", "Artificial Neural Network\Artificial Neural Network.csproj", "{5CC138FE-E7F6-4C7A-A369-377B36B97BB2}"
EndProject
Global
	GlobalSection(SolutionConfigurationPlatforms) = preSolution
		Debug|Any CPU = Debug|Any CPU
		Release|Any CPU = Release|Any CPU
	EndGlobalSection
	GlobalSection(ProjectConfigurationPlatforms) = postSolution
		{5CC138FE-E7F6-4C7A-A369-377B36B97BB2}.Debug|Any CPU.ActiveCfg = Debug|Any CPU
		{5CC138FE-E7F6-4C7A-A369-377B36B97BB2}.Debug|Any CPU.Build.0 = Debug|Any CPU
		{5CC138FE-E7F6-4C7A-A369-377B36B97BB2}.Release|Any CPU.ActiveCfg = Release|Any CPU
		{5CC138FE-E7F6-4C7A-A369-377B36B97BB2}.Release|Any CPU.Build.0 = Release|Any CPU
	EndGlobalSection
	GlobalSection(SolutionProperties) = preSolution
		HideSolutionNode = FALSE
	EndGlobalSection
EndGlobal
